
Microsoft Visual Studio Solution File, Format Version 12.00
# Visual Studio Version 17
VisualStudioVersion = 17.3.32819.101
MinimumVisualStudioVersion = 10.0.40219.1
Project("{FAE04EC0-301F-11D3-BF4B-00C04F79EFBC}") = "PokyCSExecutor", "TinyCSExecutor\PokyCSExecutor.csproj", "{3D2CD041-F872-4FB0-9532-8FF87902B324}"
EndProject
Project("{FAE04EC0-301F-11D3-BF4B-00C04F79EFBC}") = "ExecutorCore", "ExecutorCore\ExecutorCore.csproj", "{6DC54038-A9A6-43E4-A097-58DBAEF6BF1E}"
EndProject
Global
	GlobalSection(SolutionConfigurationPlatforms) = preSolution
		Debug|Any CPU = Debug|Any CPU
		Release|Any CPU = Release|Any CPU
	EndGlobalSection
	GlobalSection(ProjectConfigurationPlatforms) = postSolution
		{3D2CD041-F872-4FB0-9532-8FF87902B324}.Debug|Any CPU.ActiveCfg = Debug|Any CPU
		{3D2CD041-F872-4FB0-9532-8FF87902B324}.Debug|Any CPU.Build.0 = Debug|Any CPU
		{3D2CD041-F872-4FB0-9532-8FF87902B324}.Release|Any CPU.ActiveCfg = Release|Any CPU
		{3D2CD041-F872-4FB0-9532-8FF87902B324}.Release|Any CPU.Build.0 = Release|Any CPU
		{6DC54038-A9A6-43E4-A097-58DBAEF6BF1E}.Debug|Any CPU.ActiveCfg = Debug|Any CPU
		{6DC54038-A9A6-43E4-A097-58DBAEF6BF1E}.Debug|Any CPU.Build.0 = Debug|Any CPU
		{6DC54038-A9A6-43E4-A097-58DBAEF6BF1E}.Release|Any CPU.ActiveCfg = Release|Any CPU
		{6DC54038-A9A6-43E4-A097-58DBAEF6BF1E}.Release|Any CPU.Build.0 = Release|Any CPU
	EndGlobalSection
	GlobalSection(SolutionProperties) = preSolution
		HideSolutionNode = FALSE
	EndGlobalSection
	GlobalSection(ExtensibilityGlobals) = postSolution
		SolutionGuid = {F3212496-EA0A-4FC0-B252-9CA33AF21636}
	EndGlobalSection
EndGlobal
